# This file is automatically @generated by Cargo.
# It is not intended for manual editing.
version = 4

[[package]]
name = "view"
version = "0.0.1"

[[package]]
name = "view-ai"
version = "0.0.1"

[[package]]
name = "view-bench"
version = "0.0.1"

[[package]]
name = "view-core"
version = "0.0.1"

[[package]]
name = "view-engine"
version = "0.0.1"

[[package]]
name = "view-native"
version = "0.0.1"

[[package]]
name = "view-oracle"
version = "0.0.1"

[[package]]
name = "view-surface"
version = "0.0.1"

[[package]]
name = "view-tui"
version = "0.0.1"
